PODS:
  - YbridOgg (0.8.0)
  - YbridOpus (0.8.0)

DEPENDENCIES:
  - YbridOgg (= 0.8.0)
  - YbridOpus (= 0.8.0)

SPEC REPOS:
  https://github.com/CocoaPods/Specs.git:
    - YbridOgg
    - YbridOpus

SPEC CHECKSUMS:
  YbridOgg: 4af27a7224f0876a7000e1893df8ba986dd4a014
  YbridOpus: e9af373b9b38acff3702d9a3bd97cae3c232887c

PODFILE CHECKSUM: 9febac3d23eee6a0016fc63a8a6b24344ecc2918

COCOAPODS: 1.10.0
